
Microsoft Visual Studio Solution File, Format Version 11.00
# Visual Studio 2010
Project("{FAE04EC0-301F-11D3-BF4B-00C04F79EFBC}") = "PracP5", "PracP5\PracP5.csproj", "{45A7A926-0420-4C59-99DC-6687E7880F58}"
EndProject
Global
	GlobalSection(SolutionConfigurationPlatforms) = preSolution
		Debug|x86 = Debug|x86
		Release|x86 = Release|x86
	EndGlobalSection
	GlobalSection(ProjectConfigurationPlatforms) = postSolution
		{45A7A926-0420-4C59-99DC-6687E7880F58}.Debug|x86.ActiveCfg = Debug|x86
		{45A7A926-0420-4C59-99DC-6687E7880F58}.Debug|x86.Build.0 = Debug|x86
		{45A7A926-0420-4C59-99DC-6687E7880F58}.Release|x86.ActiveCfg = Release|x86
		{45A7A926-0420-4C59-99DC-6687E7880F58}.Release|x86.Build.0 = Release|x86
	EndGlobalSection
	GlobalSection(SolutionProperties) = preSolution
		HideSolutionNode = FALSE
	EndGlobalSection
EndGlobal
